
Microsoft Visual Studio Solution File, Format Version 12.00
# Visual Studio Version 17
VisualStudioVersion = 17.4.33205.214
MinimumVisualStudioVersion = 10.0.40219.1
Project("{8BC9CEB8-8B4A-11D0-8D11-00A0C91BC942}") = "PhiHamEUler", "VongLap\VongLap.vcxproj", "{680D0232-248D-4C10-9BC5-3BB280B38C71}"
EndProject
Project("{8BC9CEB8-8B4A-11D0-8D11-00A0C91BC942}") = "LuythuaNhiPhan", "LuythuaNhiPhan\LuythuaNhiPhan.vcxproj", "{94E4989D-951D-426F-A175-61E2BB1EF4E9}"
EndProject
Global
	GlobalSection(SolutionConfigurationPlatforms) = preSolution
		Debug|x64 = Debug|x64
		Debug|x86 = Debug|x86
		Release|x64 = Release|x64
		Release|x86 = Release|x86
	EndGlobalSection
	GlobalSection(ProjectConfigurationPlatforms) = postSolution
		{680D0232-248D-4C10-9BC5-3BB280B38C71}.Debug|x64.ActiveCfg = Debug|x64
		{680D0232-248D-4C10-9BC5-3BB280B38C71}.Debug|x64.Build.0 = Debug|x64
		{680D0232-248D-4C10-9BC5-3BB280B38C71}.Debug|x86.ActiveCfg = Debug|Win32
		{680D0232-248D-4C10-9BC5-3BB280B38C71}.Debug|x86.Build.0 = Debug|Win32
		{680D0232-248D-4C10-9BC5-3BB280B38C71}.Release|x64.ActiveCfg = Release|x64
		{680D0232-248D-4C10-9BC5-3BB280B38C71}.Release|x64.Build.0 = Release|x64
		{680D0232-248D-4C10-9BC5-3BB280B38C71}.Release|x86.ActiveCfg = Release|Win32
		{680D0232-248D-4C10-9BC5-3BB280B38C71}.Release|x86.Build.0 = Release|Win32
		{94E4989D-951D-426F-A175-61E2BB1EF4E9}.Debug|x64.ActiveCfg = Debug|x64
		{94E4989D-951D-426F-A175-61E2BB1EF4E9}.Debug|x64.Build.0 = Debug|x64
		{94E4989D-951D-426F-A175-61E2BB1EF4E9}.Debug|x86.ActiveCfg = Debug|Win32
		{94E4989D-951D-426F-A175-61E2BB1EF4E9}.Debug|x86.Build.0 = Debug|Win32
		{94E4989D-951D-426F-A175-61E2BB1EF4E9}.Release|x64.ActiveCfg = Release|x64
		{94E4989D-951D-426F-A175-61E2BB1EF4E9}.Release|x64.Build.0 = Release|x64
		{94E4989D-951D-426F-A175-61E2BB1EF4E9}.Release|x86.ActiveCfg = Release|Win32
		{94E4989D-951D-426F-A175-61E2BB1EF4E9}.Release|x86.Build.0 = Release|Win32
	EndGlobalSection
	GlobalSection(SolutionProperties) = preSolution
		HideSolutionNode = FALSE
	EndGlobalSection
	GlobalSection(ExtensibilityGlobals) = postSolution
		SolutionGuid = {61A13D29-BA80-464E-865D-A2130F7F89EF}
	EndGlobalSection
EndGlobal
