
Microsoft Visual Studio Solution File, Format Version 12.00
# Visual Studio Version 17
VisualStudioVersion = 17.4.33205.214
MinimumVisualStudioVersion = 10.0.40219.1
Project("{8BC9CEB8-8B4A-11D0-8D11-00A0C91BC942}") = "Bai1", "Bai1\Bai1.vcxproj", "{AA823B0C-CCCA-41A7-A823-A830C2DF3D91}"
EndProject
Project("{8BC9CEB8-8B4A-11D0-8D11-00A0C91BC942}") = "Bai2", "Bai2\Bai2.vcxproj", "{AE3C6229-C0EE-4F3E-85FC-9AF655E83AE8}"
EndProject
Project("{8BC9CEB8-8B4A-11D0-8D11-00A0C91BC942}") = "Bai3", "Bai3\Bai3.vcxproj", "{A97233E2-8890-43E7-A103-B163D4778DD6}"
EndProject
Project("{8BC9CEB8-8B4A-11D0-8D11-00A0C91BC942}") = "Bai5", "Bai5\Bai5.vcxproj", "{CA3F65DA-CFA6-4963-989A-060076671BFC}"
EndProject
Project("{8BC9CEB8-8B4A-11D0-8D11-00A0C91BC942}") = "Bai6", "Bai6\Bai6.vcxproj", "{3D493FB7-B3C4-464A-A6D8-18F1FF089DC7}"
EndProject
Project("{8BC9CEB8-8B4A-11D0-8D11-00A0C91BC942}") = "Bai7", "Bai7\Bai7.vcxproj", "{83CDB119-A68D-432C-8943-C958F81DC008}"
EndProject
Project("{8BC9CEB8-8B4A-11D0-8D11-00A0C91BC942}") = "Bai8TimKiem", "Bai8TimKiem\Bai8TimKiem.vcxproj", "{D17D0C63-0911-4C85-9E45-3D5938D46985}"
EndProject
Global
	GlobalSection(SolutionConfigurationPlatforms) = preSolution
		Debug|x64 = Debug|x64
		Debug|x86 = Debug|x86
		Release|x64 = Release|x64
		Release|x86 = Release|x86
	EndGlobalSection
	GlobalSection(ProjectConfigurationPlatforms) = postSolution
		{AA823B0C-CCCA-41A7-A823-A830C2DF3D91}.Debug|x64.ActiveCfg = Debug|x64
		{AA823B0C-CCCA-41A7-A823-A830C2DF3D91}.Debug|x64.Build.0 = Debug|x64
		{AA823B0C-CCCA-41A7-A823-A830C2DF3D91}.Debug|x86.ActiveCfg = Debug|Win32
		{AA823B0C-CCCA-41A7-A823-A830C2DF3D91}.Debug|x86.Build.0 = Debug|Win32
		{AA823B0C-CCCA-41A7-A823-A830C2DF3D91}.Release|x64.ActiveCfg = Release|x64
		{AA823B0C-CCCA-41A7-A823-A830C2DF3D91}.Release|x64.Build.0 = Release|x64
		{AA823B0C-CCCA-41A7-A823-A830C2DF3D91}.Release|x86.ActiveCfg = Release|Win32
		{AA823B0C-CCCA-41A7-A823-A830C2DF3D91}.Release|x86.Build.0 = Release|Win32
		{AE3C6229-C0EE-4F3E-85FC-9AF655E83AE8}.Debug|x64.ActiveCfg = Debug|x64
		{AE3C6229-C0EE-4F3E-85FC-9AF655E83AE8}.Debug|x64.Build.0 = Debug|x64
		{AE3C6229-C0EE-4F3E-85FC-9AF655E83AE8}.Debug|x86.ActiveCfg = Debug|Win32
		{AE3C6229-C0EE-4F3E-85FC-9AF655E83AE8}.Debug|x86.Build.0 = Debug|Win32
		{AE3C6229-C0EE-4F3E-85FC-9AF655E83AE8}.Release|x64.ActiveCfg = Release|x64
		{AE3C6229-C0EE-4F3E-85FC-9AF655E83AE8}.Release|x64.Build.0 = Release|x64
		{AE3C6229-C0EE-4F3E-85FC-9AF655E83AE8}.Release|x86.ActiveCfg = Release|Win32
		{AE3C6229-C0EE-4F3E-85FC-9AF655E83AE8}.Release|x86.Build.0 = Release|Win32
		{A97233E2-8890-43E7-A103-B163D4778DD6}.Debug|x64.ActiveCfg = Debug|x64
		{A97233E2-8890-43E7-A103-B163D4778DD6}.Debug|x64.Build.0 = Debug|x64
		{A97233E2-8890-43E7-A103-B163D4778DD6}.Debug|x86.ActiveCfg = Debug|Win32
		{A97233E2-8890-43E7-A103-B163D4778DD6}.Debug|x86.Build.0 = Debug|Win32
		{A97233E2-8890-43E7-A103-B163D4778DD6}.Release|x64.ActiveCfg = Release|x64
		{A97233E2-8890-43E7-A103-B163D4778DD6}.Release|x64.Build.0 = Release|x64
		{A97233E2-8890-43E7-A103-B163D4778DD6}.Release|x86.ActiveCfg = Release|Win32
		{A97233E2-8890-43E7-A103-B163D4778DD6}.Release|x86.Build.0 = Release|Win32
		{CA3F65DA-CFA6-4963-989A-060076671BFC}.Debug|x64.ActiveCfg = Debug|x64
		{CA3F65DA-CFA6-4963-989A-060076671BFC}.Debug|x64.Build.0 = Debug|x64
		{CA3F65DA-CFA6-4963-989A-060076671BFC}.Debug|x86.ActiveCfg = Debug|Win32
		{CA3F65DA-CFA6-4963-989A-060076671BFC}.Debug|x86.Build.0 = Debug|Win32
		{CA3F65DA-CFA6-4963-989A-060076671BFC}.Release|x64.ActiveCfg = Release|x64
		{CA3F65DA-CFA6-4963-989A-060076671BFC}.Release|x64.Build.0 = Release|x64
		{CA3F65DA-CFA6-4963-989A-060076671BFC}.Release|x86.ActiveCfg = Release|Win32
		{CA3F65DA-CFA6-4963-989A-060076671BFC}.Release|x86.Build.0 = Release|Win32
		{3D493FB7-B3C4-464A-A6D8-18F1FF089DC7}.Debug|x64.ActiveCfg = Debug|x64
		{3D493FB7-B3C4-464A-A6D8-18F1FF089DC7}.Debug|x64.Build.0 = Debug|x64
		{3D493FB7-B3C4-464A-A6D8-18F1FF089DC7}.Debug|x86.ActiveCfg = Debug|Win32
		{3D493FB7-B3C4-464A-A6D8-18F1FF089DC7}.Debug|x86.Build.0 = Debug|Win32
		{3D493FB7-B3C4-464A-A6D8-18F1FF089DC7}.Release|x64.ActiveCfg = Release|x64
		{3D493FB7-B3C4-464A-A6D8-18F1FF089DC7}.Release|x64.Build.0 = Release|x64
		{3D493FB7-B3C4-464A-A6D8-18F1FF089DC7}.Release|x86.ActiveCfg = Release|Win32
		{3D493FB7-B3C4-464A-A6D8-18F1FF089DC7}.Release|x86.Build.0 = Release|Win32
		{83CDB119-A68D-432C-8943-C958F81DC008}.Debug|x64.ActiveCfg = Debug|x64
		{83CDB119-A68D-432C-8943-C958F81DC008}.Debug|x64.Build.0 = Debug|x64
		{83CDB119-A68D-432C-8943-C958F81DC008}.Debug|x86.ActiveCfg = Debug|Win32
		{83CDB119-A68D-432C-8943-C958F81DC008}.Debug|x86.Build.0 = Debug|Win32
		{83CDB119-A68D-432C-8943-C958F81DC008}.Release|x64.ActiveCfg = Release|x64
		{83CDB119-A68D-432C-8943-C958F81DC008}.Release|x64.Build.0 = Release|x64
		{83CDB119-A68D-432C-8943-C958F81DC008}.Release|x86.ActiveCfg = Release|Win32
		{83CDB119-A68D-432C-8943-C958F81DC008}.Release|x86.Build.0 = Release|Win32
		{D17D0C63-0911-4C85-9E45-3D5938D46985}.Debug|x64.ActiveCfg = Debug|x64
		{D17D0C63-0911-4C85-9E45-3D5938D46985}.Debug|x64.Build.0 = Debug|x64
		{D17D0C63-0911-4C85-9E45-3D5938D46985}.Debug|x86.ActiveCfg = Debug|Win32
		{D17D0C63-0911-4C85-9E45-3D5938D46985}.Debug|x86.Build.0 = Debug|Win32
		{D17D0C63-0911-4C85-9E45-3D5938D46985}.Release|x64.ActiveCfg = Release|x64
		{D17D0C63-0911-4C85-9E45-3D5938D46985}.Release|x64.Build.0 = Release|x64
		{D17D0C63-0911-4C85-9E45-3D5938D46985}.Release|x86.ActiveCfg = Release|Win32
		{D17D0C63-0911-4C85-9E45-3D5938D46985}.Release|x86.Build.0 = Release|Win32
	EndGlobalSection
	GlobalSection(SolutionProperties) = preSolution
		HideSolutionNode = FALSE
	EndGlobalSection
	GlobalSection(ExtensibilityGlobals) = postSolution
		SolutionGuid = {88F62D86-97FE-4480-A29F-110747A33A35}
	EndGlobalSection
EndGlobal
